
Microsoft Visual Studio Solution File, Format Version 12.00
# Visual Studio 15
VisualStudioVersion = 15.0.27004.2008
MinimumVisualStudioVersion = 10.0.40219.1
Project("{FAE04EC0-301F-11D3-BF4B-00C04F79EFBC}") = "SocNetTest.Droid", "SocNetTest\SocNetTest.Droid\SocNetTest.Droid.csproj", "{393A07CF-8DF0-4ABF-A1BA-D144BE08E29A}"
EndProject
Project("{FAE04EC0-301F-11D3-BF4B-00C04F79EFBC}") = "SocNetTest.iOS", "SocNetTest\SocNetTest.iOS\SocNetTest.iOS.csproj", "{DDE9A7D2-0C80-4319-9A47-AF0ED32DC673}"
EndProject
Project("{FAE04EC0-301F-11D3-BF4B-00C04F79EFBC}") = "SocNetTest.WinPhone", "SocNetTest\SocNetTest.WinPhone\SocNetTest.WinPhone.csproj", "{9087A53F-FC53-459E-8F30-04C04A643449}"
EndProject
Project("{FAE04EC0-301F-11D3-BF4B-00C04F79EFBC}") = "SocNetTest.UWP", "SocNetTest\SocNetTest.UWP\SocNetTest.UWP.csproj", "{FCB206DC-DAD3-4273-9209-D4A29E235C62}"
EndProject
Project("{FAE04EC0-301F-11D3-BF4B-00C04F79EFBC}") = "SocNetTest.Windows", "SocNetTest\SocNetTest.Windows\SocNetTest.Windows.csproj", "{C8AFD690-27D7-446B-AFE9-B14B3A586BC9}"
EndProject
Project("{FAE04EC0-301F-11D3-BF4B-00C04F79EFBC}") = "SocNetTest", "SocNetTest\SocNetTest\SocNetTest.csproj", "{1E28D4E7-EA12-409C-B9CF-2780C2332DD4}"
EndProject
Project("{FAE04EC0-301F-11D3-BF4B-00C04F79EFBC}") = "SocNetLibrary", "SocNetLibrary\SocNetLibrary.csproj", "{573501E9-F2D5-44DF-B4A8-DC11D1E4688A}"
EndProject
Project("{FAE04EC0-301F-11D3-BF4B-00C04F79EFBC}") = "SocNetWeb", "SocNetWeb\SocNetWeb.csproj", "{BE73CB24-0648-4C6D-A1B8-B1714C379C91}"
EndProject
Global
	GlobalSection(SolutionConfigurationPlatforms) = preSolution
		Ad-Hoc|Any CPU = Ad-Hoc|Any CPU
		Ad-Hoc|ARM = Ad-Hoc|ARM
		Ad-Hoc|iPhone = Ad-Hoc|iPhone
		Ad-Hoc|iPhoneSimulator = Ad-Hoc|iPhoneSimulator
		Ad-Hoc|x64 = Ad-Hoc|x64
		Ad-Hoc|x86 = Ad-Hoc|x86
		AppStore|Any CPU = AppStore|Any CPU
		AppStore|ARM = AppStore|ARM
		AppStore|iPhone = AppStore|iPhone
		AppStore|iPhoneSimulator = AppStore|iPhoneSimulator
		AppStore|x64 = AppStore|x64
		AppStore|x86 = AppStore|x86
		Debug|Any CPU = Debug|Any CPU
		Debug|ARM = Debug|ARM
		Debug|iPhone = Debug|iPhone
		Debug|iPhoneSimulator = Debug|iPhoneSimulator
		Debug|x64 = Debug|x64
		Debug|x86 = Debug|x86
		Release|Any CPU = Release|Any CPU
		Release|ARM = Release|ARM
		Release|iPhone = Release|iPhone
		Release|iPhoneSimulator = Release|iPhoneSimulator
		Release|x64 = Release|x64
		Release|x86 = Release|x86
	EndGlobalSection
	GlobalSection(ProjectConfigurationPlatforms) = postSolution
		{393A07CF-8DF0-4ABF-A1BA-D144BE08E29A}.Ad-Hoc|Any CPU.ActiveCfg = Release|Any CPU
		{393A07CF-8DF0-4ABF-A1BA-D144BE08E29A}.Ad-Hoc|Any CPU.Build.0 = Release|Any CPU
		{393A07CF-8DF0-4ABF-A1BA-D144BE08E29A}.Ad-Hoc|Any CPU.Deploy.0 = Release|Any CPU
		{393A07CF-8DF0-4ABF-A1BA-D144BE08E29A}.Ad-Hoc|ARM.ActiveCfg = Release|Any CPU
		{393A07CF-8DF0-4ABF-A1BA-D144BE08E29A}.Ad-Hoc|ARM.Build.0 = Release|Any CPU
		{393A07CF-8DF0-4ABF-A1BA-D144BE08E29A}.Ad-Hoc|ARM.Deploy.0 = Release|Any CPU
		{393A07CF-8DF0-4ABF-A1BA-D144BE08E29A}.Ad-Hoc|iPhone.ActiveCfg = Release|Any CPU
		{393A07CF-8DF0-4ABF-A1BA-D144BE08E29A}.Ad-Hoc|iPhone.Build.0 = Release|Any CPU
		{393A07CF-8DF0-4ABF-A1BA-D144BE08E29A}.Ad-Hoc|iPhone.Deploy.0 = Release|Any CPU
		{393A07CF-8DF0-4ABF-A1BA-D144BE08E29A}.Ad-Hoc|iPhoneSimulator.ActiveCfg = Release|Any CPU
		{393A07CF-8DF0-4ABF-A1BA-D144BE08E29A}.Ad-Hoc|iPhoneSimulator.Build.0 = Release|Any CPU
		{393A07CF-8DF0-4ABF-A1BA-D144BE08E29A}.Ad-Hoc|iPhoneSimulator.Deploy.0 = Release|Any CPU
		{393A07CF-8DF0-4ABF-A1BA-D144BE08E29A}.Ad-Hoc|x64.ActiveCfg = Release|Any CPU
		{393A07CF-8DF0-4ABF-A1BA-D144BE08E29A}.Ad-Hoc|x64.Build.0 = Release|Any CPU
		{393A07CF-8DF0-4ABF-A1BA-D144BE08E29A}.Ad-Hoc|x64.Deploy.0 = Release|Any CPU
		{393A07CF-8DF0-4ABF-A1BA-D144BE08E29A}.Ad-Hoc|x86.ActiveCfg = Release|Any CPU
		{393A07CF-8DF0-4ABF-A1BA-D144BE08E29A}.Ad-Hoc|x86.Build.0 = Release|Any CPU
		{393A07CF-8DF0-4ABF-A1BA-D144BE08E29A}.Ad-Hoc|x86.Deploy.0 = Release|Any CPU
		{393A07CF-8DF0-4ABF-A1BA-D144BE08E29A}.AppStore|Any CPU.ActiveCfg = Release|Any CPU
		{393A07CF-8DF0-4ABF-A1BA-D144BE08E29A}.AppStore|Any CPU.Build.0 = Release|Any CPU
		{393A07CF-8DF0-4ABF-A1BA-D144BE08E29A}.AppStore|Any CPU.Deploy.0 = Release|Any CPU
		{393A07CF-8DF0-4ABF-A1BA-D144BE08E29A}.AppStore|ARM.ActiveCfg = Release|Any CPU
		{393A07CF-8DF0-4ABF-A1BA-D144BE08E29A}.AppStore|ARM.Build.0 = Release|Any CPU
		{393A07CF-8DF0-4ABF-A1BA-D144BE08E29A}.AppStore|ARM.Deploy.0 = Release|Any CPU
		{393A07CF-8DF0-4ABF-A1BA-D144BE08E29A}.AppStore|iPhone.ActiveCfg = Release|Any CPU
		{393A07CF-8DF0-4ABF-A1BA-D144BE08E29A}.AppStore|iPhone.Build.0 = Release|Any CPU
		{393A07CF-8DF0-4ABF-A1BA-D144BE08E29A}.AppStore|iPhone.Deploy.0 = Release|Any CPU
		{393A07CF-8DF0-4ABF-A1BA-D144BE08E29A}.AppStore|iPhoneSimulator.ActiveCfg = Release|Any CPU
		{393A07CF-8DF0-4ABF-A1BA-D144BE08E29A}.AppStore|iPhoneSimulator.Build.0 = Release|Any CPU
		{393A07CF-8DF0-4ABF-A1BA-D144BE08E29A}.AppStore|iPhoneSimulator.Deploy.0 = Release|Any CPU
		{393A07CF-8DF0-4ABF-A1BA-D144BE08E29A}.AppStore|x64.ActiveCfg = Release|Any CPU
		{393A07CF-8DF0-4ABF-A1BA-D144BE08E29A}.AppStore|x64.Build.0 = Release|Any CPU
		{393A07CF-8DF0-4ABF-A1BA-D144BE08E29A}.AppStore|x64.Deploy.0 = Release|Any CPU
		{393A07CF-8DF0-4ABF-A1BA-D144BE08E29A}.AppStore|x86.ActiveCfg = Release|Any CPU
		{393A07CF-8DF0-4ABF-A1BA-D144BE08E29A}.AppStore|x86.Build.0 = Release|Any CPU
		{393A07CF-8DF0-4ABF-A1BA-D144BE08E29A}.AppStore|x86.Deploy.0 = Release|Any CPU
		{393A07CF-8DF0-4ABF-A1BA-D144BE08E29A}.Debug|Any CPU.ActiveCfg = Debug|Any CPU
		{393A07CF-8DF0-4ABF-A1BA-D144BE08E29A}.Debug|Any CPU.Build.0 = Debug|Any CPU
		{393A07CF-8DF0-4ABF-A1BA-D144BE08E29A}.Debug|Any CPU.Deploy.0 = Debug|Any CPU
		{393A07CF-8DF0-4ABF-A1BA-D144BE08E29A}.Debug|ARM.ActiveCfg = Debug|Any CPU
		{393A07CF-8DF0-4ABF-A1BA-D144BE08E29A}.Debug|ARM.Build.0 = Debug|Any CPU
		{393A07CF-8DF0-4ABF-A1BA-D144BE08E29A}.Debug|ARM.Deploy.0 = Debug|Any CPU
		{393A07CF-8DF0-4ABF-A1BA-D144BE08E29A}.Debug|iPhone.ActiveCfg = Debug|Any CPU
		{393A07CF-8DF0-4ABF-A1BA-D144BE08E29A}.Debug|iPhone.Build.0 = Debug|Any CPU
		{393A07CF-8DF0-4ABF-A1BA-D144BE08E29A}.Debug|iPhone.Deploy.0 = Debug|Any CPU
		{393A07CF-8DF0-4ABF-A1BA-D144BE08E29A}.Debug|iPhoneSimulator.ActiveCfg = Debug|Any CPU
		{393A07CF-8DF0-4ABF-A1BA-D144BE08E29A}.Debug|iPhoneSimulator.Build.0 = Debug|Any CPU
		{393A07CF-8DF0-4ABF-A1BA-D144BE08E29A}.Debug|iPhoneSimulator.Deploy.0 = Debug|Any CPU
		{393A07CF-8DF0-4ABF-A1BA-D144BE08E29A}.Debug|x64.ActiveCfg = Debug|Any CPU
		{393A07CF-8DF0-4ABF-A1BA-D144BE08E29A}.Debug|x64.Build.0 = Debug|Any CPU
		{393A07CF-8DF0-4ABF-A1BA-D144BE08E29A}.Debug|x64.Deploy.0 = Debug|Any CPU
		{393A07CF-8DF0-4ABF-A1BA-D144BE08E29A}.Debug|x86.ActiveCfg = Debug|Any CPU
		{393A07CF-8DF0-4ABF-A1BA-D144BE08E29A}.Debug|x86.Build.0 = Debug|Any CPU
		{393A07CF-8DF0-4ABF-A1BA-D144BE08E29A}.Debug|x86.Deploy.0 = Debug|Any CPU
		{393A07CF-8DF0-4ABF-A1BA-D144BE08E29A}.Release|Any CPU.ActiveCfg = Release|Any CPU
		{393A07CF-8DF0-4ABF-A1BA-D144BE08E29A}.Release|Any CPU.Build.0 = Release|Any CPU
		{393A07CF-8DF0-4ABF-A1BA-D144BE08E29A}.Release|Any CPU.Deploy.0 = Release|Any CPU
		{393A07CF-8DF0-4ABF-A1BA-D144BE08E29A}.Release|ARM.ActiveCfg = Release|Any CPU
		{393A07CF-8DF0-4ABF-A1BA-D144BE08E29A}.Release|ARM.Build.0 = Release|Any CPU
		{393A07CF-8DF0-4ABF-A1BA-D144BE08E29A}.Release|ARM.Deploy.0 = Release|Any CPU
		{393A07CF-8DF0-4ABF-A1BA-D144BE08E29A}.Release|iPhone.ActiveCfg = Release|Any CPU
		{393A07CF-8DF0-4ABF-A1BA-D144BE08E29A}.Release|iPhone.Build.0 = Release|Any CPU
		{393A07CF-8DF0-4ABF-A1BA-D144BE08E29A}.Release|iPhone.Deploy.0 = Release|Any CPU
		{393A07CF-8DF0-4ABF-A1BA-D144BE08E29A}.Release|iPhoneSimulator.ActiveCfg = Release|Any CPU
		{393A07CF-8DF0-4ABF-A1BA-D144BE08E29A}.Release|iPhoneSimulator.Build.0 = Release|Any CPU
		{393A07CF-8DF0-4ABF-A1BA-D144BE08E29A}.Release|iPhoneSimulator.Deploy.0 = Release|Any CPU
		{393A07CF-8DF0-4ABF-A1BA-D144BE08E29A}.Release|x64.ActiveCfg = Release|Any CPU
		{393A07CF-8DF0-4ABF-A1BA-D144BE08E29A}.Release|x64.Build.0 = Release|Any CPU
		{393A07CF-8DF0-4ABF-A1BA-D144BE08E29A}.Release|x64.Deploy.0 = Release|Any CPU
		{393A07CF-8DF0-4ABF-A1BA-D144BE08E29A}.Release|x86.ActiveCfg = Release|Any CPU
		{393A07CF-8DF0-4ABF-A1BA-D144BE08E29A}.Release|x86.Build.0 = Release|Any CPU
		{393A07CF-8DF0-4ABF-A1BA-D144BE08E29A}.Release|x86.Deploy.0 = Release|Any CPU
		{DDE9A7D2-0C80-4319-9A47-AF0ED32DC673}.Ad-Hoc|Any CPU.ActiveCfg = Ad-Hoc|iPhone
		{DDE9A7D2-0C80-4319-9A47-AF0ED32DC673}.Ad-Hoc|ARM.ActiveCfg = Ad-Hoc|iPhone
		{DDE9A7D2-0C80-4319-9A47-AF0ED32DC673}.Ad-Hoc|iPhone.ActiveCfg = Ad-Hoc|iPhone
		{DDE9A7D2-0C80-4319-9A47-AF0ED32DC673}.Ad-Hoc|iPhone.Build.0 = Ad-Hoc|iPhone
		{DDE9A7D2-0C80-4319-9A47-AF0ED32DC673}.Ad-Hoc|iPhoneSimulator.ActiveCfg = Ad-Hoc|iPhoneSimulator
		{DDE9A7D2-0C80-4319-9A47-AF0ED32DC673}.Ad-Hoc|iPhoneSimulator.Build.0 = Ad-Hoc|iPhoneSimulator
		{DDE9A7D2-0C80-4319-9A47-AF0ED32DC673}.Ad-Hoc|x64.ActiveCfg = Ad-Hoc|iPhone
		{DDE9A7D2-0C80-4319-9A47-AF0ED32DC673}.Ad-Hoc|x86.ActiveCfg = Ad-Hoc|iPhone
		{DDE9A7D2-0C80-4319-9A47-AF0ED32DC673}.AppStore|Any CPU.ActiveCfg = AppStore|iPhone
		{DDE9A7D2-0C80-4319-9A47-AF0ED32DC673}.AppStore|ARM.ActiveCfg = AppStore|iPhone
		{DDE9A7D2-0C80-4319-9A47-AF0ED32DC673}.AppStore|iPhone.ActiveCfg = AppStore|iPhone
		{DDE9A7D2-0C80-4319-9A47-AF0ED32DC673}.AppStore|iPhone.Build.0 = AppStore|iPhone
		{DDE9A7D2-0C80-4319-9A47-AF0ED32DC673}.AppStore|iPhoneSimulator.ActiveCfg = AppStore|iPhoneSimulator
		{DDE9A7D2-0C80-4319-9A47-AF0ED32DC673}.AppStore|iPhoneSimulator.Build.0 = AppStore|iPhoneSimulator
		{DDE9A7D2-0C80-4319-9A47-AF0ED32DC673}.AppStore|x64.ActiveCfg = AppStore|iPhone
		{DDE9A7D2-0C80-4319-9A47-AF0ED32DC673}.AppStore|x86.ActiveCfg = AppStore|iPhone
		{DDE9A7D2-0C80-4319-9A47-AF0ED32DC673}.Debug|Any CPU.ActiveCfg = Debug|iPhone
		{DDE9A7D2-0C80-4319-9A47-AF0ED32DC673}.Debug|ARM.ActiveCfg = Debug|iPhone
		{DDE9A7D2-0C80-4319-9A47-AF0ED32DC673}.Debug|iPhone.ActiveCfg = Debug|iPhone
		{DDE9A7D2-0C80-4319-9A47-AF0ED32DC673}.Debug|iPhone.Build.0 = Debug|iPhone
		{DDE9A7D2-0C80-4319-9A47-AF0ED32DC673}.Debug|iPhoneSimulator.ActiveCfg = Debug|iPhoneSimulator
		{DDE9A7D2-0C80-4319-9A47-AF0ED32DC673}.Debug|iPhoneSimulator.Build.0 = Debug|iPhoneSimulator
		{DDE9A7D2-0C80-4319-9A47-AF0ED32DC673}.Debug|x64.ActiveCfg = Debug|iPhone
		{DDE9A7D2-0C80-4319-9A47-AF0ED32DC673}.Debug|x86.ActiveCfg = Debug|iPhone
		{DDE9A7D2-0C80-4319-9A47-AF0ED32DC673}.Release|Any CPU.ActiveCfg = Release|iPhone
		{DDE9A7D2-0C80-4319-9A47-AF0ED32DC673}.Release|ARM.ActiveCfg = Release|iPhone
		{DDE9A7D2-0C80-4319-9A47-AF0ED32DC673}.Release|iPhone.ActiveCfg = Release|iPhone
		{DDE9A7D2-0C80-4319-9A47-AF0ED32DC673}.Release|iPhone.Build.0 = Release|iPhone
		{DDE9A7D2-0C80-4319-9A47-AF0ED32DC673}.Release|iPhoneSimulator.ActiveCfg = Release|iPhoneSimulator
		{DDE9A7D2-0C80-4319-9A47-AF0ED32DC673}.Release|iPhoneSimulator.Build.0 = Release|iPhoneSimulator
		{DDE9A7D2-0C80-4319-9A47-AF0ED32DC673}.Release|x64.ActiveCfg = Release|iPhone
		{DDE9A7D2-0C80-4319-9A47-AF0ED32DC673}.Release|x86.ActiveCfg = Release|iPhone
		{9087A53F-FC53-459E-8F30-04C04A643449}.Ad-Hoc|Any CPU.ActiveCfg = Release|Any CPU
		{9087A53F-FC53-459E-8F30-04C04A643449}.Ad-Hoc|Any CPU.Build.0 = Release|Any CPU
		{9087A53F-FC53-459E-8F30-04C04A643449}.Ad-Hoc|Any CPU.Deploy.0 = Release|Any CPU
		{9087A53F-FC53-459E-8F30-04C04A643449}.Ad-Hoc|ARM.ActiveCfg = Release|ARM
		{9087A53F-FC53-459E-8F30-04C04A643449}.Ad-Hoc|ARM.Build.0 = Release|ARM
		{9087A53F-FC53-459E-8F30-04C04A643449}.Ad-Hoc|ARM.Deploy.0 = Release|ARM
		{9087A53F-FC53-459E-8F30-04C04A643449}.Ad-Hoc|iPhone.ActiveCfg = Release|Any CPU
		{9087A53F-FC53-459E-8F30-04C04A643449}.Ad-Hoc|iPhone.Build.0 = Release|Any CPU
		{9087A53F-FC53-459E-8F30-04C04A643449}.Ad-Hoc|iPhone.Deploy.0 = Release|Any CPU
		{9087A53F-FC53-459E-8F30-04C04A643449}.Ad-Hoc|iPhoneSimulator.ActiveCfg = Release|Any CPU
		{9087A53F-FC53-459E-8F30-04C04A643449}.Ad-Hoc|iPhoneSimulator.Build.0 = Release|Any CPU
		{9087A53F-FC53-459E-8F30-04C04A643449}.Ad-Hoc|iPhoneSimulator.Deploy.0 = Release|Any CPU
		{9087A53F-FC53-459E-8F30-04C04A643449}.Ad-Hoc|x64.ActiveCfg = Release|Any CPU
		{9087A53F-FC53-459E-8F30-04C04A643449}.Ad-Hoc|x64.Build.0 = Release|Any CPU
		{9087A53F-FC53-459E-8F30-04C04A643449}.Ad-Hoc|x64.Deploy.0 = Release|Any CPU
		{9087A53F-FC53-459E-8F30-04C04A643449}.Ad-Hoc|x86.ActiveCfg = Release|x86
		{9087A53F-FC53-459E-8F30-04C04A643449}.Ad-Hoc|x86.Build.0 = Release|x86
		{9087A53F-FC53-459E-8F30-04C04A643449}.Ad-Hoc|x86.Deploy.0 = Release|x86
		{9087A53F-FC53-459E-8F30-04C04A643449}.AppStore|Any CPU.ActiveCfg = Release|Any CPU
		{9087A53F-FC53-459E-8F30-04C04A643449}.AppStore|Any CPU.Build.0 = Release|Any CPU
		{9087A53F-FC53-459E-8F30-04C04A643449}.AppStore|Any CPU.Deploy.0 = Release|Any CPU
		{9087A53F-FC53-459E-8F30-04C04A643449}.AppStore|ARM.ActiveCfg = Release|ARM
		{9087A53F-FC53-459E-8F30-04C04A643449}.AppStore|ARM.Build.0 = Release|ARM
		{9087A53F-FC53-459E-8F30-04C04A643449}.AppStore|ARM.Deploy.0 = Release|ARM
		{9087A53F-FC53-459E-8F30-04C04A643449}.AppStore|iPhone.ActiveCfg = Release|Any CPU
		{9087A53F-FC53-459E-8F30-04C04A643449}.AppStore|iPhone.Build.0 = Release|Any CPU
		{9087A53F-FC53-459E-8F30-04C04A643449}.AppStore|iPhone.Deploy.0 = Release|Any CPU
		{9087A53F-FC53-459E-8F30-04C04A643449}.AppStore|iPhoneSimulator.ActiveCfg = Release|Any CPU
		{9087A53F-FC53-459E-8F30-04C04A643449}.AppStore|iPhoneSimulator.Build.0 = Release|Any CPU
		{9087A53F-FC53-459E-8F30-04C04A643449}.AppStore|iPhoneSimulator.Deploy.0 = Release|Any CPU
		{9087A53F-FC53-459E-8F30-04C04A643449}.AppStore|x64.ActiveCfg = Release|Any CPU
		{9087A53F-FC53-459E-8F30-04C04A643449}.AppStore|x64.Build.0 = Release|Any CPU
		{9087A53F-FC53-459E-8F30-04C04A643449}.AppStore|x64.Deploy.0 = Release|Any CPU
		{9087A53F-FC53-459E-8F30-04C04A643449}.AppStore|x86.ActiveCfg = Release|x86
		{9087A53F-FC53-459E-8F30-04C04A643449}.AppStore|x86.Build.0 = Release|x86
		{9087A53F-FC53-459E-8F30-04C04A643449}.AppStore|x86.Deploy.0 = Release|x86
		{9087A53F-FC53-459E-8F30-04C04A643449}.Debug|Any CPU.ActiveCfg = Debug|Any CPU
		{9087A53F-FC53-459E-8F30-04C04A643449}.Debug|Any CPU.Build.0 = Debug|Any CPU
		{9087A53F-FC53-459E-8F30-04C04A643449}.Debug|Any CPU.Deploy.0 = Debug|Any CPU
		{9087A53F-FC53-459E-8F30-04C04A643449}.Debug|ARM.ActiveCfg = Debug|ARM
		{9087A53F-FC53-459E-8F30-04C04A643449}.Debug|ARM.Build.0 = Debug|ARM
		{9087A53F-FC53-459E-8F30-04C04A643449}.Debug|ARM.Deploy.0 = Debug|ARM
		{9087A53F-FC53-459E-8F30-04C04A643449}.Debug|iPhone.ActiveCfg = Debug|Any CPU
		{9087A53F-FC53-459E-8F30-04C04A643449}.Debug|iPhone.Build.0 = Debug|Any CPU
		{9087A53F-FC53-459E-8F30-04C04A643449}.Debug|iPhone.Deploy.0 = Debug|Any CPU
		{9087A53F-FC53-459E-8F30-04C04A643449}.Debug|iPhoneSimulator.ActiveCfg = Debug|Any CPU
		{9087A53F-FC53-459E-8F30-04C04A643449}.Debug|iPhoneSimulator.Build.0 = Debug|Any CPU
		{9087A53F-FC53-459E-8F30-04C04A643449}.Debug|iPhoneSimulator.Deploy.0 = Debug|Any CPU
		{9087A53F-FC53-459E-8F30-04C04A643449}.Debug|x64.ActiveCfg = Debug|Any CPU
		{9087A53F-FC53-459E-8F30-04C04A643449}.Debug|x64.Build.0 = Debug|Any CPU
		{9087A53F-FC53-459E-8F30-04C04A643449}.Debug|x64.Deploy.0 = Debug|Any CPU
		{9087A53F-FC53-459E-8F30-04C04A643449}.Debug|x86.ActiveCfg = Debug|x86
		{9087A53F-FC53-459E-8F30-04C04A643449}.Debug|x86.Build.0 = Debug|x86
		{9087A53F-FC53-459E-8F30-04C04A643449}.Debug|x86.Deploy.0 = Debug|x86
		{9087A53F-FC53-459E-8F30-04C04A643449}.Release|Any CPU.ActiveCfg = Release|Any CPU
		{9087A53F-FC53-459E-8F30-04C04A643449}.Release|Any CPU.Build.0 = Release|Any CPU
		{9087A53F-FC53-459E-8F30-04C04A643449}.Release|Any CPU.Deploy.0 = Release|Any CPU
		{9087A53F-FC53-459E-8F30-04C04A643449}.Release|ARM.ActiveCfg = Release|ARM
		{9087A53F-FC53-459E-8F30-04C04A643449}.Release|ARM.Build.0 = Release|ARM
		{9087A53F-FC53-459E-8F30-04C04A643449}.Release|ARM.Deploy.0 = Release|ARM
		{9087A53F-FC53-459E-8F30-04C04A643449}.Release|iPhone.ActiveCfg = Release|Any CPU
		{9087A53F-FC53-459E-8F30-04C04A643449}.Release|iPhone.Build.0 = Release|Any CPU
		{9087A53F-FC53-459E-8F30-04C04A643449}.Release|iPhone.Deploy.0 = Release|Any CPU
		{9087A53F-FC53-459E-8F30-04C04A643449}.Release|iPhoneSimulator.ActiveCfg = Release|Any CPU
		{9087A53F-FC53-459E-8F30-04C04A643449}.Release|iPhoneSimulator.Build.0 = Release|Any CPU
		{9087A53F-FC53-459E-8F30-04C04A643449}.Release|iPhoneSimulator.Deploy.0 = Release|Any CPU
		{9087A53F-FC53-459E-8F30-04C04A643449}.Release|x64.ActiveCfg = Release|Any CPU
		{9087A53F-FC53-459E-8F30-04C04A643449}.Release|x64.Build.0 = Release|Any CPU
		{9087A53F-FC53-459E-8F30-04C04A643449}.Release|x64.Deploy.0 = Release|Any CPU
		{9087A53F-FC53-459E-8F30-04C04A643449}.Release|x86.ActiveCfg = Release|x86
		{9087A53F-FC53-459E-8F30-04C04A643449}.Release|x86.Build.0 = Release|x86
		{9087A53F-FC53-459E-8F30-04C04A643449}.Release|x86.Deploy.0 = Release|x86
		{FCB206DC-DAD3-4273-9209-D4A29E235C62}.Ad-Hoc|Any CPU.ActiveCfg = Release|x86
		{FCB206DC-DAD3-4273-9209-D4A29E235C62}.Ad-Hoc|Any CPU.Build.0 = Release|x86
		{FCB206DC-DAD3-4273-9209-D4A29E235C62}.Ad-Hoc|Any CPU.Deploy.0 = Release|x86
		{FCB206DC-DAD3-4273-9209-D4A29E235C62}.Ad-Hoc|ARM.ActiveCfg = Release|ARM
		{FCB206DC-DAD3-4273-9209-D4A29E235C62}.Ad-Hoc|ARM.Build.0 = Release|ARM
		{FCB206DC-DAD3-4273-9209-D4A29E235C62}.Ad-Hoc|ARM.Deploy.0 = Release|ARM
		{FCB206DC-DAD3-4273-9209-D4A29E235C62}.Ad-Hoc|iPhone.ActiveCfg = Release|x86
		{FCB206DC-DAD3-4273-9209-D4A29E235C62}.Ad-Hoc|iPhone.Build.0 = Release|x86
		{FCB206DC-DAD3-4273-9209-D4A29E235C62}.Ad-Hoc|iPhone.Deploy.0 = Release|x86
		{FCB206DC-DAD3-4273-9209-D4A29E235C62}.Ad-Hoc|iPhoneSimulator.ActiveCfg = Release|x86
		{FCB206DC-DAD3-4273-9209-D4A29E235C62}.Ad-Hoc|iPhoneSimulator.Build.0 = Release|x86
		{FCB206DC-DAD3-4273-9209-D4A29E235C62}.Ad-Hoc|iPhoneSimulator.Deploy.0 = Release|x86
		{FCB206DC-DAD3-4273-9209-D4A29E235C62}.Ad-Hoc|x64.ActiveCfg = Release|x64
		{FCB206DC-DAD3-4273-9209-D4A29E235C62}.Ad-Hoc|x64.Build.0 = Release|x64
		{FCB206DC-DAD3-4273-9209-D4A29E235C62}.Ad-Hoc|x64.Deploy.0 = Release|x64
		{FCB206DC-DAD3-4273-9209-D4A29E235C62}.Ad-Hoc|x86.ActiveCfg = Release|x86
		{FCB206DC-DAD3-4273-9209-D4A29E235C62}.Ad-Hoc|x86.Build.0 = Release|x86
		{FCB206DC-DAD3-4273-9209-D4A29E235C62}.Ad-Hoc|x86.Deploy.0 = Release|x86
		{FCB206DC-DAD3-4273-9209-D4A29E235C62}.AppStore|Any CPU.ActiveCfg = Release|x86
		{FCB206DC-DAD3-4273-9209-D4A29E235C62}.AppStore|Any CPU.Build.0 = Release|x86
		{FCB206DC-DAD3-4273-9209-D4A29E235C62}.AppStore|Any CPU.Deploy.0 = Release|x86
		{FCB206DC-DAD3-4273-9209-D4A29E235C62}.AppStore|ARM.ActiveCfg = Release|ARM
		{FCB206DC-DAD3-4273-9209-D4A29E235C62}.AppStore|ARM.Build.0 = Release|ARM
		{FCB206DC-DAD3-4273-9209-D4A29E235C62}.AppStore|ARM.Deploy.0 = Release|ARM
		{FCB206DC-DAD3-4273-9209-D4A29E235C62}.AppStore|iPhone.ActiveCfg = Release|x86
		{FCB206DC-DAD3-4273-9209-D4A29E235C62}.AppStore|iPhone.Build.0 = Release|x86
		{FCB206DC-DAD3-4273-9209-D4A29E235C62}.AppStore|iPhone.Deploy.0 = Release|x86
		{FCB206DC-DAD3-4273-9209-D4A29E235C62}.AppStore|iPhoneSimulator.ActiveCfg = Release|x86
		{FCB206DC-DAD3-4273-9209-D4A29E235C62}.AppStore|iPhoneSimulator.Build.0 = Release|x86
		{FCB206DC-DAD3-4273-9209-D4A29E235C62}.AppStore|iPhoneSimulator.Deploy.0 = Release|x86
		{FCB206DC-DAD3-4273-9209-D4A29E235C62}.AppStore|x64.ActiveCfg = Release|x64
		{FCB206DC-DAD3-4273-9209-D4A29E235C62}.AppStore|x64.Build.0 = Release|x64
		{FCB206DC-DAD3-4273-9209-D4A29E235C62}.AppStore|x64.Deploy.0 = Release|x64
		{FCB206DC-DAD3-4273-9209-D4A29E235C62}.AppStore|x86.ActiveCfg = Release|x86
		{FCB206DC-DAD3-4273-9209-D4A29E235C62}.AppStore|x86.Build.0 = Release|x86
		{FCB206DC-DAD3-4273-9209-D4A29E235C62}.AppStore|x86.Deploy.0 = Release|x86
		{FCB206DC-DAD3-4273-9209-D4A29E235C62}.Debug|Any CPU.ActiveCfg = Debug|x86
		{FCB206DC-DAD3-4273-9209-D4A29E235C62}.Debug|ARM.ActiveCfg = Debug|ARM
		{FCB206DC-DAD3-4273-9209-D4A29E235C62}.Debug|ARM.Build.0 = Debug|ARM
		{FCB206DC-DAD3-4273-9209-D4A29E235C62}.Debug|ARM.Deploy.0 = Debug|ARM
		{FCB206DC-DAD3-4273-9209-D4A29E235C62}.Debug|iPhone.ActiveCfg = Debug|x86
		{FCB206DC-DAD3-4273-9209-D4A29E235C62}.Debug|iPhoneSimulator.ActiveCfg = Debug|x86
		{FCB206DC-DAD3-4273-9209-D4A29E235C62}.Debug|x64.ActiveCfg = Debug|x64
		{FCB206DC-DAD3-4273-9209-D4A29E235C62}.Debug|x64.Build.0 = Debug|x64
		{FCB206DC-DAD3-4273-9209-D4A29E235C62}.Debug|x64.Deploy.0 = Debug|x64
		{FCB206DC-DAD3-4273-9209-D4A29E235C62}.Debug|x86.ActiveCfg = Debug|x86
		{FCB206DC-DAD3-4273-9209-D4A29E235C62}.Debug|x86.Build.0 = Debug|x86
		{FCB206DC-DAD3-4273-9209-D4A29E235C62}.Debug|x86.Deploy.0 = Debug|x86
		{FCB206DC-DAD3-4273-9209-D4A29E235C62}.Release|Any CPU.ActiveCfg = Release|x86
		{FCB206DC-DAD3-4273-9209-D4A29E235C62}.Release|ARM.ActiveCfg = Release|ARM
		{FCB206DC-DAD3-4273-9209-D4A29E235C62}.Release|ARM.Build.0 = Release|ARM
		{FCB206DC-DAD3-4273-9209-D4A29E235C62}.Release|ARM.Deploy.0 = Release|ARM
		{FCB206DC-DAD3-4273-9209-D4A29E235C62}.Release|iPhone.ActiveCfg = Release|x86
		{FCB206DC-DAD3-4273-9209-D4A29E235C62}.Release|iPhoneSimulator.ActiveCfg = Release|x86
		{FCB206DC-DAD3-4273-9209-D4A29E235C62}.Release|x64.ActiveCfg = Release|x64
		{FCB206DC-DAD3-4273-9209-D4A29E235C62}.Release|x64.Build.0 = Release|x64
		{FCB206DC-DAD3-4273-9209-D4A29E235C62}.Release|x64.Deploy.0 = Release|x64
		{FCB206DC-DAD3-4273-9209-D4A29E235C62}.Release|x86.ActiveCfg = Release|x86
		{FCB206DC-DAD3-4273-9209-D4A29E235C62}.Release|x86.Build.0 = Release|x86
		{FCB206DC-DAD3-4273-9209-D4A29E235C62}.Release|x86.Deploy.0 = Release|x86
		{C8AFD690-27D7-446B-AFE9-B14B3A586BC9}.Ad-Hoc|Any CPU.ActiveCfg = Release|Any CPU
		{C8AFD690-27D7-446B-AFE9-B14B3A586BC9}.Ad-Hoc|Any CPU.Build.0 = Release|Any CPU
		{C8AFD690-27D7-446B-AFE9-B14B3A586BC9}.Ad-Hoc|Any CPU.Deploy.0 = Release|Any CPU
		{C8AFD690-27D7-446B-AFE9-B14B3A586BC9}.Ad-Hoc|ARM.ActiveCfg = Release|ARM
		{C8AFD690-27D7-446B-AFE9-B14B3A586BC9}.Ad-Hoc|ARM.Build.0 = Release|ARM
		{C8AFD690-27D7-446B-AFE9-B14B3A586BC9}.Ad-Hoc|ARM.Deploy.0 = Release|ARM
		{C8AFD690-27D7-446B-AFE9-B14B3A586BC9}.Ad-Hoc|iPhone.ActiveCfg = Release|Any CPU
		{C8AFD690-27D7-446B-AFE9-B14B3A586BC9}.Ad-Hoc|iPhone.Build.0 = Release|Any CPU
		{C8AFD690-27D7-446B-AFE9-B14B3A586BC9}.Ad-Hoc|iPhone.Deploy.0 = Release|Any CPU
		{C8AFD690-27D7-446B-AFE9-B14B3A586BC9}.Ad-Hoc|iPhoneSimulator.ActiveCfg = Release|Any CPU
		{C8AFD690-27D7-446B-AFE9-B14B3A586BC9}.Ad-Hoc|iPhoneSimulator.Build.0 = Release|Any CPU
		{C8AFD690-27D7-446B-AFE9-B14B3A586BC9}.Ad-Hoc|iPhoneSimulator.Deploy.0 = Release|Any CPU
		{C8AFD690-27D7-446B-AFE9-B14B3A586BC9}.Ad-Hoc|x64.ActiveCfg = Release|x64
		{C8AFD690-27D7-446B-AFE9-B14B3A586BC9}.Ad-Hoc|x64.Build.0 = Release|x64
		{C8AFD690-27D7-446B-AFE9-B14B3A586BC9}.Ad-Hoc|x64.Deploy.0 = Release|x64
		{C8AFD690-27D7-446B-AFE9-B14B3A586BC9}.Ad-Hoc|x86.ActiveCfg = Release|x86
		{C8AFD690-27D7-446B-AFE9-B14B3A586BC9}.Ad-Hoc|x86.Build.0 = Release|x86
		{C8AFD690-27D7-446B-AFE9-B14B3A586BC9}.Ad-Hoc|x86.Deploy.0 = Release|x86
		{C8AFD690-27D7-446B-AFE9-B14B3A586BC9}.AppStore|Any CPU.ActiveCfg = Release|Any CPU
		{C8AFD690-27D7-446B-AFE9-B14B3A586BC9}.AppStore|Any CPU.Build.0 = Release|Any CPU
		{C8AFD690-27D7-446B-AFE9-B14B3A586BC9}.AppStore|Any CPU.Deploy.0 = Release|Any CPU
		{C8AFD690-27D7-446B-AFE9-B14B3A586BC9}.AppStore|ARM.ActiveCfg = Release|ARM
		{C8AFD690-27D7-446B-AFE9-B14B3A586BC9}.AppStore|ARM.Build.0 = Release|ARM
		{C8AFD690-27D7-446B-AFE9-B14B3A586BC9}.AppStore|ARM.Deploy.0 = Release|ARM
		{C8AFD690-27D7-446B-AFE9-B14B3A586BC9}.AppStore|iPhone.ActiveCfg = Release|Any CPU
		{C8AFD690-27D7-446B-AFE9-B14B3A586BC9}.AppStore|iPhone.Build.0 = Release|Any CPU
		{C8AFD690-27D7-446B-AFE9-B14B3A586BC9}.AppStore|iPhone.Deploy.0 = Release|Any CPU
		{C8AFD690-27D7-446B-AFE9-B14B3A586BC9}.AppStore|iPhoneSimulator.ActiveCfg = Release|Any CPU
		{C8AFD690-27D7-446B-AFE9-B14B3A586BC9}.AppStore|iPhoneSimulator.Build.0 = Release|Any CPU
		{C8AFD690-27D7-446B-AFE9-B14B3A586BC9}.AppStore|iPhoneSimulator.Deploy.0 = Release|Any CPU
		{C8AFD690-27D7-446B-AFE9-B14B3A586BC9}.AppStore|x64.ActiveCfg = Release|x64
		{C8AFD690-27D7-446B-AFE9-B14B3A586BC9}.AppStore|x64.Build.0 = Release|x64
		{C8AFD690-27D7-446B-AFE9-B14B3A586BC9}.AppStore|x64.Deploy.0 = Release|x64
		{C8AFD690-27D7-446B-AFE9-B14B3A586BC9}.AppStore|x86.ActiveCfg = Release|x86
		{C8AFD690-27D7-446B-AFE9-B14B3A586BC9}.AppStore|x86.Build.0 = Release|x86
		{C8AFD690-27D7-446B-AFE9-B14B3A586BC9}.AppStore|x86.Deploy.0 = Release|x86
		{C8AFD690-27D7-446B-AFE9-B14B3A586BC9}.Debug|Any CPU.ActiveCfg = Debug|Any CPU
		{C8AFD690-27D7-446B-AFE9-B14B3A586BC9}.Debug|Any CPU.Build.0 = Debug|Any CPU
		{C8AFD690-27D7-446B-AFE9-B14B3A586BC9}.Debug|Any CPU.Deploy.0 = Debug|Any CPU
		{C8AFD690-27D7-446B-AFE9-B14B3A586BC9}.Debug|ARM.ActiveCfg = Debug|ARM
		{C8AFD690-27D7-446B-AFE9-B14B3A586BC9}.Debug|ARM.Build.0 = Debug|ARM
		{C8AFD690-27D7-446B-AFE9-B14B3A586BC9}.Debug|ARM.Deploy.0 = Debug|ARM
		{C8AFD690-27D7-446B-AFE9-B14B3A586BC9}.Debug|iPhone.ActiveCfg = Debug|Any CPU
		{C8AFD690-27D7-446B-AFE9-B14B3A586BC9}.Debug|iPhone.Build.0 = Debug|Any CPU
		{C8AFD690-27D7-446B-AFE9-B14B3A586BC9}.Debug|iPhone.Deploy.0 = Debug|Any CPU
		{C8AFD690-27D7-446B-AFE9-B14B3A586BC9}.Debug|iPhoneSimulator.ActiveCfg = Debug|Any CPU
		{C8AFD690-27D7-446B-AFE9-B14B3A586BC9}.Debug|iPhoneSimulator.Build.0 = Debug|Any CPU
		{C8AFD690-27D7-446B-AFE9-B14B3A586BC9}.Debug|iPhoneSimulator.Deploy.0 = Debug|Any CPU
		{C8AFD690-27D7-446B-AFE9-B14B3A586BC9}.Debug|x64.ActiveCfg = Debug|x64
		{C8AFD690-27D7-446B-AFE9-B14B3A586BC9}.Debug|x64.Build.0 = Debug|x64
		{C8AFD690-27D7-446B-AFE9-B14B3A586BC9}.Debug|x64.Deploy.0 = Debug|x64
		{C8AFD690-27D7-446B-AFE9-B14B3A586BC9}.Debug|x86.ActiveCfg = Debug|x86
		{C8AFD690-27D7-446B-AFE9-B14B3A586BC9}.Debug|x86.Build.0 = Debug|x86
		{C8AFD690-27D7-446B-AFE9-B14B3A586BC9}.Debug|x86.Deploy.0 = Debug|x86
		{C8AFD690-27D7-446B-AFE9-B14B3A586BC9}.Release|Any CPU.ActiveCfg = Release|Any CPU
		{C8AFD690-27D7-446B-AFE9-B14B3A586BC9}.Release|Any CPU.Build.0 = Release|Any CPU
		{C8AFD690-27D7-446B-AFE9-B14B3A586BC9}.Release|Any CPU.Deploy.0 = Release|Any CPU
		{C8AFD690-27D7-446B-AFE9-B14B3A586BC9}.Release|ARM.ActiveCfg = Release|ARM
		{C8AFD690-27D7-446B-AFE9-B14B3A586BC9}.Release|ARM.Build.0 = Release|ARM
		{C8AFD690-27D7-446B-AFE9-B14B3A586BC9}.Release|ARM.Deploy.0 = Release|ARM
		{C8AFD690-27D7-446B-AFE9-B14B3A586BC9}.Release|iPhone.ActiveCfg = Release|Any CPU
		{C8AFD690-27D7-446B-AFE9-B14B3A586BC9}.Release|iPhone.Build.0 = Release|Any CPU
		{C8AFD690-27D7-446B-AFE9-B14B3A586BC9}.Release|iPhone.Deploy.0 = Release|Any CPU
		{C8AFD690-27D7-446B-AFE9-B14B3A586BC9}.Release|iPhoneSimulator.ActiveCfg = Release|Any CPU
		{C8AFD690-27D7-446B-AFE9-B14B3A586BC9}.Release|iPhoneSimulator.Build.0 = Release|Any CPU
		{C8AFD690-27D7-446B-AFE9-B14B3A586BC9}.Release|iPhoneSimulator.Deploy.0 = Release|Any CPU
		{C8AFD690-27D7-446B-AFE9-B14B3A586BC9}.Release|x64.ActiveCfg = Release|x64
		{C8AFD690-27D7-446B-AFE9-B14B3A586BC9}.Release|x64.Build.0 = Release|x64
		{C8AFD690-27D7-446B-AFE9-B14B3A586BC9}.Release|x64.Deploy.0 = Release|x64
		{C8AFD690-27D7-446B-AFE9-B14B3A586BC9}.Release|x86.ActiveCfg = Release|x86
		{C8AFD690-27D7-446B-AFE9-B14B3A586BC9}.Release|x86.Build.0 = Release|x86
		{C8AFD690-27D7-446B-AFE9-B14B3A586BC9}.Release|x86.Deploy.0 = Release|x86
		{1E28D4E7-EA12-409C-B9CF-2780C2332DD4}.Ad-Hoc|Any CPU.ActiveCfg = Release|Any CPU
		{1E28D4E7-EA12-409C-B9CF-2780C2332DD4}.Ad-Hoc|Any CPU.Build.0 = Release|Any CPU
		{1E28D4E7-EA12-409C-B9CF-2780C2332DD4}.Ad-Hoc|ARM.ActiveCfg = Release|Any CPU
		{1E28D4E7-EA12-409C-B9CF-2780C2332DD4}.Ad-Hoc|ARM.Build.0 = Release|Any CPU
		{1E28D4E7-EA12-409C-B9CF-2780C2332DD4}.Ad-Hoc|iPhone.ActiveCfg = Release|Any CPU
		{1E28D4E7-EA12-409C-B9CF-2780C2332DD4}.Ad-Hoc|iPhone.Build.0 = Release|Any CPU
		{1E28D4E7-EA12-409C-B9CF-2780C2332DD4}.Ad-Hoc|iPhoneSimulator.ActiveCfg = Release|Any CPU
		{1E28D4E7-EA12-409C-B9CF-2780C2332DD4}.Ad-Hoc|iPhoneSimulator.Build.0 = Release|Any CPU
		{1E28D4E7-EA12-409C-B9CF-2780C2332DD4}.Ad-Hoc|x64.ActiveCfg = Release|Any CPU
		{1E28D4E7-EA12-409C-B9CF-2780C2332DD4}.Ad-Hoc|x64.Build.0 = Release|Any CPU
		{1E28D4E7-EA12-409C-B9CF-2780C2332DD4}.Ad-Hoc|x86.ActiveCfg = Release|Any CPU
		{1E28D4E7-EA12-409C-B9CF-2780C2332DD4}.Ad-Hoc|x86.Build.0 = Release|Any CPU
		{1E28D4E7-EA12-409C-B9CF-2780C2332DD4}.AppStore|Any CPU.ActiveCfg = Release|Any CPU
		{1E28D4E7-EA12-409C-B9CF-2780C2332DD4}.AppStore|Any CPU.Build.0 = Release|Any CPU
		{1E28D4E7-EA12-409C-B9CF-2780C2332DD4}.AppStore|ARM.ActiveCfg = Release|Any CPU
		{1E28D4E7-EA12-409C-B9CF-2780C2332DD4}.AppStore|ARM.Build.0 = Release|Any CPU
		{1E28D4E7-EA12-409C-B9CF-2780C2332DD4}.AppStore|iPhone.ActiveCfg = Release|Any CPU
		{1E28D4E7-EA12-409C-B9CF-2780C2332DD4}.AppStore|iPhone.Build.0 = Release|Any CPU
		{1E28D4E7-EA12-409C-B9CF-2780C2332DD4}.AppStore|iPhoneSimulator.ActiveCfg = Release|Any CPU
		{1E28D4E7-EA12-409C-B9CF-2780C2332DD4}.AppStore|iPhoneSimulator.Build.0 = Release|Any CPU
		{1E28D4E7-EA12-409C-B9CF-2780C2332DD4}.AppStore|x64.ActiveCfg = Release|Any CPU
		{1E28D4E7-EA12-409C-B9CF-2780C2332DD4}.AppStore|x64.Build.0 = Release|Any CPU
		{1E28D4E7-EA12-409C-B9CF-2780C2332DD4}.AppStore|x86.ActiveCfg = Release|Any CPU
		{1E28D4E7-EA12-409C-B9CF-2780C2332DD4}.AppStore|x86.Build.0 = Release|Any CPU
		{1E28D4E7-EA12-409C-B9CF-2780C2332DD4}.Debug|Any CPU.ActiveCfg = Debug|Any CPU
		{1E28D4E7-EA12-409C-B9CF-2780C2332DD4}.Debug|Any CPU.Build.0 = Debug|Any CPU
		{1E28D4E7-EA12-409C-B9CF-2780C2332DD4}.Debug|ARM.ActiveCfg = Debug|Any CPU
		{1E28D4E7-EA12-409C-B9CF-2780C2332DD4}.Debug|ARM.Build.0 = Debug|Any CPU
		{1E28D4E7-EA12-409C-B9CF-2780C2332DD4}.Debug|iPhone.ActiveCfg = Debug|Any CPU
		{1E28D4E7-EA12-409C-B9CF-2780C2332DD4}.Debug|iPhone.Build.0 = Debug|Any CPU
		{1E28D4E7-EA12-409C-B9CF-2780C2332DD4}.Debug|iPhoneSimulator.ActiveCfg = Debug|Any CPU
		{1E28D4E7-EA12-409C-B9CF-2780C2332DD4}.Debug|iPhoneSimulator.Build.0 = Debug|Any CPU
		{1E28D4E7-EA12-409C-B9CF-2780C2332DD4}.Debug|x64.ActiveCfg = Debug|Any CPU
		{1E28D4E7-EA12-409C-B9CF-2780C2332DD4}.Debug|x64.Build.0 = Debug|Any CPU
		{1E28D4E7-EA12-409C-B9CF-2780C2332DD4}.Debug|x86.ActiveCfg = Debug|Any CPU
		{1E28D4E7-EA12-409C-B9CF-2780C2332DD4}.Debug|x86.Build.0 = Debug|Any CPU
		{1E28D4E7-EA12-409C-B9CF-2780C2332DD4}.Release|Any CPU.ActiveCfg = Release|Any CPU
		{1E28D4E7-EA12-409C-B9CF-2780C2332DD4}.Release|Any CPU.Build.0 = Release|Any CPU
		{1E28D4E7-EA12-409C-B9CF-2780C2332DD4}.Release|ARM.ActiveCfg = Release|Any CPU
		{1E28D4E7-EA12-409C-B9CF-2780C2332DD4}.Release|ARM.Build.0 = Release|Any CPU
		{1E28D4E7-EA12-409C-B9CF-2780C2332DD4}.Release|iPhone.ActiveCfg = Release|Any CPU
		{1E28D4E7-EA12-409C-B9CF-2780C2332DD4}.Release|iPhone.Build.0 = Release|Any CPU
		{1E28D4E7-EA12-409C-B9CF-2780C2332DD4}.Release|iPhoneSimulator.ActiveCfg = Release|Any CPU
		{1E28D4E7-EA12-409C-B9CF-2780C2332DD4}.Release|iPhoneSimulator.Build.0 = Release|Any CPU
		{1E28D4E7-EA12-409C-B9CF-2780C2332DD4}.Release|x64.ActiveCfg = Release|Any CPU
		{1E28D4E7-EA12-409C-B9CF-2780C2332DD4}.Release|x64.Build.0 = Release|Any CPU
		{1E28D4E7-EA12-409C-B9CF-2780C2332DD4}.Release|x86.ActiveCfg = Release|Any CPU
		{1E28D4E7-EA12-409C-B9CF-2780C2332DD4}.Release|x86.Build.0 = Release|Any CPU
		{573501E9-F2D5-44DF-B4A8-DC11D1E4688A}.Ad-Hoc|Any CPU.ActiveCfg = Debug|Any CPU
		{573501E9-F2D5-44DF-B4A8-DC11D1E4688A}.Ad-Hoc|Any CPU.Build.0 = Debug|Any CPU
		{573501E9-F2D5-44DF-B4A8-DC11D1E4688A}.Ad-Hoc|ARM.ActiveCfg = Debug|Any CPU
		{573501E9-F2D5-44DF-B4A8-DC11D1E4688A}.Ad-Hoc|ARM.Build.0 = Debug|Any CPU
		{573501E9-F2D5-44DF-B4A8-DC11D1E4688A}.Ad-Hoc|iPhone.ActiveCfg = Debug|Any CPU
		{573501E9-F2D5-44DF-B4A8-DC11D1E4688A}.Ad-Hoc|iPhone.Build.0 = Debug|Any CPU
		{573501E9-F2D5-44DF-B4A8-DC11D1E4688A}.Ad-Hoc|iPhoneSimulator.ActiveCfg = Debug|Any CPU
		{573501E9-F2D5-44DF-B4A8-DC11D1E4688A}.Ad-Hoc|iPhoneSimulator.Build.0 = Debug|Any CPU
		{573501E9-F2D5-44DF-B4A8-DC11D1E4688A}.Ad-Hoc|x64.ActiveCfg = Debug|Any CPU
		{573501E9-F2D5-44DF-B4A8-DC11D1E4688A}.Ad-Hoc|x64.Build.0 = Debug|Any CPU
		{573501E9-F2D5-44DF-B4A8-DC11D1E4688A}.Ad-Hoc|x86.ActiveCfg = Debug|Any CPU
		{573501E9-F2D5-44DF-B4A8-DC11D1E4688A}.Ad-Hoc|x86.Build.0 = Debug|Any CPU
		{573501E9-F2D5-44DF-B4A8-DC11D1E4688A}.AppStore|Any CPU.ActiveCfg = Debug|Any CPU
		{573501E9-F2D5-44DF-B4A8-DC11D1E4688A}.AppStore|Any CPU.Build.0 = Debug|Any CPU
		{573501E9-F2D5-44DF-B4A8-DC11D1E4688A}.AppStore|ARM.ActiveCfg = Debug|Any CPU
		{573501E9-F2D5-44DF-B4A8-DC11D1E4688A}.AppStore|ARM.Build.0 = Debug|Any CPU
		{573501E9-F2D5-44DF-B4A8-DC11D1E4688A}.AppStore|iPhone.ActiveCfg = Debug|Any CPU
		{573501E9-F2D5-44DF-B4A8-DC11D1E4688A}.AppStore|iPhone.Build.0 = Debug|Any CPU
		{573501E9-F2D5-44DF-B4A8-DC11D1E4688A}.AppStore|iPhoneSimulator.ActiveCfg = Debug|Any CPU
		{573501E9-F2D5-44DF-B4A8-DC11D1E4688A}.AppStore|iPhoneSimulator.Build.0 = Debug|Any CPU
		{573501E9-F2D5-44DF-B4A8-DC11D1E4688A}.AppStore|x64.ActiveCfg = Debug|Any CPU
		{573501E9-F2D5-44DF-B4A8-DC11D1E4688A}.AppStore|x64.Build.0 = Debug|Any CPU
		{573501E9-F2D5-44DF-B4A8-DC11D1E4688A}.AppStore|x86.ActiveCfg = Debug|Any CPU
		{573501E9-F2D5-44DF-B4A8-DC11D1E4688A}.AppStore|x86.Build.0 = Debug|Any CPU
		{573501E9-F2D5-44DF-B4A8-DC11D1E4688A}.Debug|Any CPU.ActiveCfg = Debug|Any CPU
		{573501E9-F2D5-44DF-B4A8-DC11D1E4688A}.Debug|Any CPU.Build.0 = Debug|Any CPU
		{573501E9-F2D5-44DF-B4A8-DC11D1E4688A}.Debug|ARM.ActiveCfg = Debug|Any CPU
		{573501E9-F2D5-44DF-B4A8-DC11D1E4688A}.Debug|ARM.Build.0 = Debug|Any CPU
		{573501E9-F2D5-44DF-B4A8-DC11D1E4688A}.Debug|iPhone.ActiveCfg = Debug|Any CPU
		{573501E9-F2D5-44DF-B4A8-DC11D1E4688A}.Debug|iPhone.Build.0 = Debug|Any CPU
		{573501E9-F2D5-44DF-B4A8-DC11D1E4688A}.Debug|iPhoneSimulator.ActiveCfg = Debug|Any CPU
		{573501E9-F2D5-44DF-B4A8-DC11D1E4688A}.Debug|iPhoneSimulator.Build.0 = Debug|Any CPU
		{573501E9-F2D5-44DF-B4A8-DC11D1E4688A}.Debug|x64.ActiveCfg = Debug|Any CPU
		{573501E9-F2D5-44DF-B4A8-DC11D1E4688A}.Debug|x64.Build.0 = Debug|Any CPU
		{573501E9-F2D5-44DF-B4A8-DC11D1E4688A}.Debug|x86.ActiveCfg = Debug|Any CPU
		{573501E9-F2D5-44DF-B4A8-DC11D1E4688A}.Debug|x86.Build.0 = Debug|Any CPU
		{573501E9-F2D5-44DF-B4A8-DC11D1E4688A}.Release|Any CPU.ActiveCfg = Release|Any CPU
		{573501E9-F2D5-44DF-B4A8-DC11D1E4688A}.Release|Any CPU.Build.0 = Release|Any CPU
		{573501E9-F2D5-44DF-B4A8-DC11D1E4688A}.Release|ARM.ActiveCfg = Release|Any CPU
		{573501E9-F2D5-44DF-B4A8-DC11D1E4688A}.Release|ARM.Build.0 = Release|Any CPU
		{573501E9-F2D5-44DF-B4A8-DC11D1E4688A}.Release|iPhone.ActiveCfg = Release|Any CPU
		{573501E9-F2D5-44DF-B4A8-DC11D1E4688A}.Release|iPhone.Build.0 = Release|Any CPU
		{573501E9-F2D5-44DF-B4A8-DC11D1E4688A}.Release|iPhoneSimulator.ActiveCfg = Release|Any CPU
		{573501E9-F2D5-44DF-B4A8-DC11D1E4688A}.Release|iPhoneSimulator.Build.0 = Release|Any CPU
		{573501E9-F2D5-44DF-B4A8-DC11D1E4688A}.Release|x64.ActiveCfg = Release|Any CPU
		{573501E9-F2D5-44DF-B4A8-DC11D1E4688A}.Release|x64.Build.0 = Release|Any CPU
		{573501E9-F2D5-44DF-B4A8-DC11D1E4688A}.Release|x86.ActiveCfg = Release|Any CPU
		{573501E9-F2D5-44DF-B4A8-DC11D1E4688A}.Release|x86.Build.0 = Release|Any CPU
		{BE73CB24-0648-4C6D-A1B8-B1714C379C91}.Ad-Hoc|Any CPU.ActiveCfg = Release|Any CPU
		{BE73CB24-0648-4C6D-A1B8-B1714C379C91}.Ad-Hoc|Any CPU.Build.0 = Release|Any CPU
		{BE73CB24-0648-4C6D-A1B8-B1714C379C91}.Ad-Hoc|ARM.ActiveCfg = Release|Any CPU
		{BE73CB24-0648-4C6D-A1B8-B1714C379C91}.Ad-Hoc|ARM.Build.0 = Release|Any CPU
		{BE73CB24-0648-4C6D-A1B8-B1714C379C91}.Ad-Hoc|iPhone.ActiveCfg = Release|Any CPU
		{BE73CB24-0648-4C6D-A1B8-B1714C379C91}.Ad-Hoc|iPhone.Build.0 = Release|Any CPU
		{BE73CB24-0648-4C6D-A1B8-B1714C379C91}.Ad-Hoc|iPhoneSimulator.ActiveCfg = Release|Any CPU
		{BE73CB24-0648-4C6D-A1B8-B1714C379C91}.Ad-Hoc|iPhoneSimulator.Build.0 = Release|Any CPU
		{BE73CB24-0648-4C6D-A1B8-B1714C379C91}.Ad-Hoc|x64.ActiveCfg = Release|Any CPU
		{BE73CB24-0648-4C6D-A1B8-B1714C379C91}.Ad-Hoc|x64.Build.0 = Release|Any CPU
		{BE73CB24-0648-4C6D-A1B8-B1714C379C91}.Ad-Hoc|x86.ActiveCfg = Release|Any CPU
		{BE73CB24-0648-4C6D-A1B8-B1714C379C91}.Ad-Hoc|x86.Build.0 = Release|Any CPU
		{BE73CB24-0648-4C6D-A1B8-B1714C379C91}.AppStore|Any CPU.ActiveCfg = Release|Any CPU
		{BE73CB24-0648-4C6D-A1B8-B1714C379C91}.AppStore|Any CPU.Build.0 = Release|Any CPU
		{BE73CB24-0648-4C6D-A1B8-B1714C379C91}.AppStore|ARM.ActiveCfg = Release|Any CPU
		{BE73CB24-0648-4C6D-A1B8-B1714C379C91}.AppStore|ARM.Build.0 = Release|Any CPU
		{BE73CB24-0648-4C6D-A1B8-B1714C379C91}.AppStore|iPhone.ActiveCfg = Release|Any CPU
		{BE73CB24-0648-4C6D-A1B8-B1714C379C91}.AppStore|iPhone.Build.0 = Release|Any CPU
		{BE73CB24-0648-4C6D-A1B8-B1714C379C91}.AppStore|iPhoneSimulator.ActiveCfg = Release|Any CPU
		{BE73CB24-0648-4C6D-A1B8-B1714C379C91}.AppStore|iPhoneSimulator.Build.0 = Release|Any CPU
		{BE73CB24-0648-4C6D-A1B8-B1714C379C91}.AppStore|x64.ActiveCfg = Release|Any CPU
		{BE73CB24-0648-4C6D-A1B8-B1714C379C91}.AppStore|x64.Build.0 = Release|Any CPU
		{BE73CB24-0648-4C6D-A1B8-B1714C379C91}.AppStore|x86.ActiveCfg = Release|Any CPU
		{BE73CB24-0648-4C6D-A1B8-B1714C379C91}.AppStore|x86.Build.0 = Release|Any CPU
		{BE73CB24-0648-4C6D-A1B8-B1714C379C91}.Debug|Any CPU.ActiveCfg = Debug|Any CPU
		{BE73CB24-0648-4C6D-A1B8-B1714C379C91}.Debug|Any CPU.Build.0 = Debug|Any CPU
		{BE73CB24-0648-4C6D-A1B8-B1714C379C91}.Debug|ARM.ActiveCfg = Debug|Any CPU
		{BE73CB24-0648-4C6D-A1B8-B1714C379C91}.Debug|ARM.Build.0 = Debug|Any CPU
		{BE73CB24-0648-4C6D-A1B8-B1714C379C91}.Debug|iPhone.ActiveCfg = Debug|Any CPU
		{BE73CB24-0648-4C6D-A1B8-B1714C379C91}.Debug|iPhone.Build.0 = Debug|Any CPU
		{BE73CB24-0648-4C6D-A1B8-B1714C379C91}.Debug|iPhoneSimulator.ActiveCfg = Debug|Any CPU
		{BE73CB24-0648-4C6D-A1B8-B1714C379C91}.Debug|iPhoneSimulator.Build.0 = Debug|Any CPU
		{BE73CB24-0648-4C6D-A1B8-B1714C379C91}.Debug|x64.ActiveCfg = Debug|Any CPU
		{BE73CB24-0648-4C6D-A1B8-B1714C379C91}.Debug|x64.Build.0 = Debug|Any CPU
		{BE73CB24-0648-4C6D-A1B8-B1714C379C91}.Debug|x86.ActiveCfg = Debug|Any CPU
		{BE73CB24-0648-4C6D-A1B8-B1714C379C91}.Debug|x86.Build.0 = Debug|Any CPU
		{BE73CB24-0648-4C6D-A1B8-B1714C379C91}.Release|Any CPU.ActiveCfg = Release|Any CPU
		{BE73CB24-0648-4C6D-A1B8-B1714C379C91}.Release|Any CPU.Build.0 = Release|Any CPU
		{BE73CB24-0648-4C6D-A1B8-B1714C379C91}.Release|ARM.ActiveCfg = Release|Any CPU
		{BE73CB24-0648-4C6D-A1B8-B1714C379C91}.Release|ARM.Build.0 = Release|Any CPU
		{BE73CB24-0648-4C6D-A1B8-B1714C379C91}.Release|iPhone.ActiveCfg = Release|Any CPU
		{BE73CB24-0648-4C6D-A1B8-B1714C379C91}.Release|iPhone.Build.0 = Release|Any CPU
		{BE73CB24-0648-4C6D-A1B8-B1714C379C91}.Release|iPhoneSimulator.ActiveCfg = Release|Any CPU
		{BE73CB24-0648-4C6D-A1B8-B1714C379C91}.Release|iPhoneSimulator.Build.0 = Release|Any CPU
		{BE73CB24-0648-4C6D-A1B8-B1714C379C91}.Release|x64.ActiveCfg = Release|Any CPU
		{BE73CB24-0648-4C6D-A1B8-B1714C379C91}.Release|x64.Build.0 = Release|Any CPU
		{BE73CB24-0648-4C6D-A1B8-B1714C379C91}.Release|x86.ActiveCfg = Release|Any CPU
		{BE73CB24-0648-4C6D-A1B8-B1714C379C91}.Release|x86.Build.0 = Release|Any CPU
	EndGlobalSection
	GlobalSection(SolutionProperties) = preSolution
		HideSolutionNode = FALSE
	EndGlobalSection
	GlobalSection(ExtensibilityGlobals) = postSolution
		SolutionGuid = {4E60C882-7354-4E41-A2D8-E814846ACAF9}
	EndGlobalSection
EndGlobal
